{
  "object": {
    "pins": [
      {
        "package": "HyperhooksCore",
        "repositoryURL": "https://github.com/hyperhooks/hyperhooks-core",
        "state": {
          "branch": null,
          "revision": "1cc4a70f90c47d4ac5f3d1ae66512d61268daaa6",
          "version": "1.0.0"
        }
      }
    ]
  },
  "version": 1
}
